
Microsoft Visual Studio Solution File, Format Version 12.00
# Visual Studio Version 17
VisualStudioVersion = 17.6.33829.357
MinimumVisualStudioVersion = 10.0.40219.1
Project("{FAE04EC0-301F-11D3-BF4B-00C04F79EFBC}") = "Griffindo Toys Payroll System", "Griffindo Toys Payroll System\Griffindo Toys Payroll System.csproj", "{128A3903-32A0-44E0-AB2B-4EB2FDF2743C}"
EndProject
Global
	GlobalSection(SolutionConfigurationPlatforms) = preSolution
		Debug|Any CPU = Debug|Any CPU
		Release|Any CPU = Release|Any CPU
	EndGlobalSection
	GlobalSection(ProjectConfigurationPlatforms) = postSolution
		{128A3903-32A0-44E0-AB2B-4EB2FDF2743C}.Debug|Any CPU.ActiveCfg = Debug|Any CPU
		{128A3903-32A0-44E0-AB2B-4EB2FDF2743C}.Debug|Any CPU.Build.0 = Debug|Any CPU
		{128A3903-32A0-44E0-AB2B-4EB2FDF2743C}.Release|Any CPU.ActiveCfg = Release|Any CPU
		{128A3903-32A0-44E0-AB2B-4EB2FDF2743C}.Release|Any CPU.Build.0 = Release|Any CPU
	EndGlobalSection
	GlobalSection(SolutionProperties) = preSolution
		HideSolutionNode = FALSE
	EndGlobalSection
	GlobalSection(ExtensibilityGlobals) = postSolution
		SolutionGuid = {4FCF4D91-E22B-4AE1-A074-28DFDD1BA60A}
	EndGlobalSection
EndGlobal
